
Microsoft Visual Studio Solution File, Format Version 12.00
# Visual Studio Version 16
VisualStudioVersion = 16.0.30128.74
MinimumVisualStudioVersion = 10.0.40219.1
Project("{FAE04EC0-301F-11D3-BF4B-00C04F79EFBC}") = "WeatherInMoscow", "WeatherInMoscow\WeatherInMoscow.csproj", "{DED5A3DF-60C1-4594-A3D8-8EC6EA36C638}"
EndProject
Global
	GlobalSection(SolutionConfigurationPlatforms) = preSolution
		Debug|Any CPU = Debug|Any CPU
		Release|Any CPU = Release|Any CPU
	EndGlobalSection
	GlobalSection(ProjectConfigurationPlatforms) = postSolution
		{DED5A3DF-60C1-4594-A3D8-8EC6EA36C638}.Debug|Any CPU.ActiveCfg = Debug|Any CPU
		{DED5A3DF-60C1-4594-A3D8-8EC6EA36C638}.Debug|Any CPU.Build.0 = Debug|Any CPU
		{DED5A3DF-60C1-4594-A3D8-8EC6EA36C638}.Release|Any CPU.ActiveCfg = Release|Any CPU
		{DED5A3DF-60C1-4594-A3D8-8EC6EA36C638}.Release|Any CPU.Build.0 = Release|Any CPU
	EndGlobalSection
	GlobalSection(SolutionProperties) = preSolution
		HideSolutionNode = FALSE
	EndGlobalSection
	GlobalSection(ExtensibilityGlobals) = postSolution
		SolutionGuid = {AE90D9DA-731C-4813-93F7-AFBA1655C557}
	EndGlobalSection
EndGlobal
